
Microsoft Visual Studio Solution File, Format Version 12.00
# Visual Studio Version 16
VisualStudioVersion = 16.0.30225.117
MinimumVisualStudioVersion = 10.0.40219.1
Project("{9A19103F-16F7-4668-BE54-9A1E7A4F7556}") = "Analyzer", "Analyzer.csproj", "{F7D7B814-8CB2-4A8E-9CFA-EFA326F15BF4}"
EndProject
Project("{9A19103F-16F7-4668-BE54-9A1E7A4F7556}") = "Analyzer.Test", "..\Analyzer.Test\Analyzer.Test.csproj", "{B7B505FF-3F35-45F4-9E59-89386AD418E7}"
EndProject
Project("{9A19103F-16F7-4668-BE54-9A1E7A4F7556}") = "WUXAnalyzer.Vsix", "..\Analyzer.Vsix\WUXAnalyzer.Vsix.csproj", "{76BED363-2E69-42DA-A5C5-8075046B116C}"
EndProject
Global
	GlobalSection(SolutionConfigurationPlatforms) = preSolution
		Debug|Any CPU = Debug|Any CPU
		Release|Any CPU = Release|Any CPU
	EndGlobalSection
	GlobalSection(ProjectConfigurationPlatforms) = postSolution
		{F7D7B814-8CB2-4A8E-9CFA-EFA326F15BF4}.Debug|Any CPU.ActiveCfg = Debug|Any CPU
		{F7D7B814-8CB2-4A8E-9CFA-EFA326F15BF4}.Debug|Any CPU.Build.0 = Debug|Any CPU
		{F7D7B814-8CB2-4A8E-9CFA-EFA326F15BF4}.Release|Any CPU.ActiveCfg = Release|Any CPU
		{F7D7B814-8CB2-4A8E-9CFA-EFA326F15BF4}.Release|Any CPU.Build.0 = Release|Any CPU
		{B7B505FF-3F35-45F4-9E59-89386AD418E7}.Debug|Any CPU.ActiveCfg = Debug|Any CPU
		{B7B505FF-3F35-45F4-9E59-89386AD418E7}.Debug|Any CPU.Build.0 = Debug|Any CPU
		{B7B505FF-3F35-45F4-9E59-89386AD418E7}.Release|Any CPU.ActiveCfg = Release|Any CPU
		{B7B505FF-3F35-45F4-9E59-89386AD418E7}.Release|Any CPU.Build.0 = Release|Any CPU
		{76BED363-2E69-42DA-A5C5-8075046B116C}.Debug|Any CPU.ActiveCfg = Debug|Any CPU
		{76BED363-2E69-42DA-A5C5-8075046B116C}.Debug|Any CPU.Build.0 = Debug|Any CPU
		{76BED363-2E69-42DA-A5C5-8075046B116C}.Release|Any CPU.ActiveCfg = Release|Any CPU
		{76BED363-2E69-42DA-A5C5-8075046B116C}.Release|Any CPU.Build.0 = Release|Any CPU
	EndGlobalSection
	GlobalSection(SolutionProperties) = preSolution
		HideSolutionNode = FALSE
	EndGlobalSection
	GlobalSection(ExtensibilityGlobals) = postSolution
		SolutionGuid = {0B3A52C1-C1E7-4604-8C30-DC283CAC087A}
	EndGlobalSection
EndGlobal
